
Microsoft Visual Studio Solution File, Format Version 12.00
# Visual Studio Version 16
VisualStudioVersion = 16.0.34301.259
MinimumVisualStudioVersion = 10.0.40219.1
Project("{FAE04EC0-301F-11D3-BF4B-00C04F79EFBC}") = "PetShopApp", "PetShopApp\PetShopApp.csproj", "{3BC8E338-8812-4FC2-8F4C-016CED07A915}"
EndProject
Global
	GlobalSection(SolutionConfigurationPlatforms) = preSolution
		Debug|Any CPU = Debug|Any CPU
		Release|Any CPU = Release|Any CPU
	EndGlobalSection
	GlobalSection(ProjectConfigurationPlatforms) = postSolution
		{3BC8E338-8812-4FC2-8F4C-016CED07A915}.Debug|Any CPU.ActiveCfg = Debug|Any CPU
		{3BC8E338-8812-4FC2-8F4C-016CED07A915}.Debug|Any CPU.Build.0 = Debug|Any CPU
		{3BC8E338-8812-4FC2-8F4C-016CED07A915}.Release|Any CPU.ActiveCfg = Release|Any CPU
		{3BC8E338-8812-4FC2-8F4C-016CED07A915}.Release|Any CPU.Build.0 = Release|Any CPU
	EndGlobalSection
	GlobalSection(SolutionProperties) = preSolution
		HideSolutionNode = FALSE
	EndGlobalSection
	GlobalSection(ExtensibilityGlobals) = postSolution
		SolutionGuid = {D8D951F7-10EE-4178-BC77-F3570531F931}
	EndGlobalSection
EndGlobal
